
Microsoft Visual Studio Solution File, Format Version 12.00
Project("{FAE04EC0-301F-11D3-BF4B-00C04F79EFBC}") = "Overflow.AppHost", "Overflow.AppHost\Overflow.AppHost.csproj", "{633B7C1D-BF40-4EDC-AA53-500CB33F0B6D}"
EndProject
Project("{FAE04EC0-301F-11D3-BF4B-00C04F79EFBC}") = "Overflow.ServiceDefaults", "Overflow.ServiceDefaults\Overflow.ServiceDefaults.csproj", "{78D73C1D-9386-49EE-ACEF-7CEF4F02862E}"
EndProject
Project("{2150E333-8FDC-42A3-9474-1A3956D46DE8}") = "services", "services", "{7B012584-9CE1-4770-A395-DB2B7722DFCF}"
EndProject
Project("{FAE04EC0-301F-11D3-BF4B-00C04F79EFBC}") = "QuestionService", "QuestionService\QuestionService.csproj", "{877645FF-11E6-450C-9EA8-3FE8A6EE8B32}"
EndProject
Project("{FAE04EC0-301F-11D3-BF4B-00C04F79EFBC}") = "SearchService", "SearchService\SearchService.csproj", "{BA0F023B-E52F-4C18-9F3B-C37123E05620}"
EndProject
Project("{2150E333-8FDC-42A3-9474-1A3956D46DE8}") = "common", "common", "{9CE7AF7E-0A5F-4AB7-8031-2153B3AB2E9F}"
EndProject
Project("{FAE04EC0-301F-11D3-BF4B-00C04F79EFBC}") = "Contracts", "Contracts\Contracts.csproj", "{58278EC2-6A65-45E9-9858-9CB171E7B9A0}"
EndProject
Global
	GlobalSection(SolutionConfigurationPlatforms) = preSolution
		Debug|Any CPU = Debug|Any CPU
		Release|Any CPU = Release|Any CPU
	EndGlobalSection
	GlobalSection(ProjectConfigurationPlatforms) = postSolution
		{633B7C1D-BF40-4EDC-AA53-500CB33F0B6D}.Debug|Any CPU.ActiveCfg = Debug|Any CPU
		{633B7C1D-BF40-4EDC-AA53-500CB33F0B6D}.Debug|Any CPU.Build.0 = Debug|Any CPU
		{633B7C1D-BF40-4EDC-AA53-500CB33F0B6D}.Release|Any CPU.ActiveCfg = Release|Any CPU
		{633B7C1D-BF40-4EDC-AA53-500CB33F0B6D}.Release|Any CPU.Build.0 = Release|Any CPU
		{78D73C1D-9386-49EE-ACEF-7CEF4F02862E}.Debug|Any CPU.ActiveCfg = Debug|Any CPU
		{78D73C1D-9386-49EE-ACEF-7CEF4F02862E}.Debug|Any CPU.Build.0 = Debug|Any CPU
		{78D73C1D-9386-49EE-ACEF-7CEF4F02862E}.Release|Any CPU.ActiveCfg = Release|Any CPU
		{78D73C1D-9386-49EE-ACEF-7CEF4F02862E}.Release|Any CPU.Build.0 = Release|Any CPU
		{877645FF-11E6-450C-9EA8-3FE8A6EE8B32}.Debug|Any CPU.ActiveCfg = Debug|Any CPU
		{877645FF-11E6-450C-9EA8-3FE8A6EE8B32}.Debug|Any CPU.Build.0 = Debug|Any CPU
		{877645FF-11E6-450C-9EA8-3FE8A6EE8B32}.Release|Any CPU.ActiveCfg = Release|Any CPU
		{877645FF-11E6-450C-9EA8-3FE8A6EE8B32}.Release|Any CPU.Build.0 = Release|Any CPU
		{BA0F023B-E52F-4C18-9F3B-C37123E05620}.Debug|Any CPU.ActiveCfg = Debug|Any CPU
		{BA0F023B-E52F-4C18-9F3B-C37123E05620}.Debug|Any CPU.Build.0 = Debug|Any CPU
		{BA0F023B-E52F-4C18-9F3B-C37123E05620}.Release|Any CPU.ActiveCfg = Release|Any CPU
		{BA0F023B-E52F-4C18-9F3B-C37123E05620}.Release|Any CPU.Build.0 = Release|Any CPU
		{58278EC2-6A65-45E9-9858-9CB171E7B9A0}.Debug|Any CPU.ActiveCfg = Debug|Any CPU
		{58278EC2-6A65-45E9-9858-9CB171E7B9A0}.Debug|Any CPU.Build.0 = Debug|Any CPU
		{58278EC2-6A65-45E9-9858-9CB171E7B9A0}.Release|Any CPU.ActiveCfg = Release|Any CPU
		{58278EC2-6A65-45E9-9858-9CB171E7B9A0}.Release|Any CPU.Build.0 = Release|Any CPU
	EndGlobalSection
	GlobalSection(NestedProjects) = preSolution
		{877645FF-11E6-450C-9EA8-3FE8A6EE8B32} = {7B012584-9CE1-4770-A395-DB2B7722DFCF}
		{BA0F023B-E52F-4C18-9F3B-C37123E05620} = {7B012584-9CE1-4770-A395-DB2B7722DFCF}
		{58278EC2-6A65-45E9-9858-9CB171E7B9A0} = {9CE7AF7E-0A5F-4AB7-8031-2153B3AB2E9F}
	EndGlobalSection
EndGlobal
